
Microsoft Visual Studio Solution File, Format Version 12.00
# Visual Studio Version 17
VisualStudioVersion = 17.9.34723.18
MinimumVisualStudioVersion = 10.0.40219.1
Project("{9A19103F-16F7-4668-BE54-9A1E7A4F7556}") = "hackaton-file-export.api", "hackaton-file-export.api\hackaton-file-export.api.csproj", "{08B13D48-E3F3-4EA7-82AB-4F0C133F29EC}"
EndProject
Project("{9A19103F-16F7-4668-BE54-9A1E7A4F7556}") = "hackaton-file-export.data", "hackaton-file-export.data\hackaton-file-export.data.csproj", "{D771E2F9-5FF4-4A41-B659-B41C5C873859}"
EndProject
Project("{9A19103F-16F7-4668-BE54-9A1E7A4F7556}") = "hackaton-file-export.services", "hackaton-file-export.services\hackaton-file-export.services.csproj", "{F7A34C44-5D43-430E-AE3A-7D0A18987AD9}"
EndProject
Project("{9A19103F-16F7-4668-BE54-9A1E7A4F7556}") = "hackaton-file-export.common", "hackaton-file-export.common\hackaton-file-export.common.csproj", "{55FA5072-D5CE-400A-906D-245AA4BD5C21}"
EndProject
Project("{E53339B2-1760-4266-BCC7-CA923CBCF16C}") = "docker-compose", "docker-compose.dcproj", "{A2F834F8-D20B-4285-9C12-47C6CA2067FB}"
EndProject
Global
	GlobalSection(SolutionConfigurationPlatforms) = preSolution
		Debug|Any CPU = Debug|Any CPU
		Release|Any CPU = Release|Any CPU
	EndGlobalSection
	GlobalSection(ProjectConfigurationPlatforms) = postSolution
		{08B13D48-E3F3-4EA7-82AB-4F0C133F29EC}.Debug|Any CPU.ActiveCfg = Debug|Any CPU
		{08B13D48-E3F3-4EA7-82AB-4F0C133F29EC}.Debug|Any CPU.Build.0 = Debug|Any CPU
		{08B13D48-E3F3-4EA7-82AB-4F0C133F29EC}.Release|Any CPU.ActiveCfg = Release|Any CPU
		{08B13D48-E3F3-4EA7-82AB-4F0C133F29EC}.Release|Any CPU.Build.0 = Release|Any CPU
		{D771E2F9-5FF4-4A41-B659-B41C5C873859}.Debug|Any CPU.ActiveCfg = Debug|Any CPU
		{D771E2F9-5FF4-4A41-B659-B41C5C873859}.Debug|Any CPU.Build.0 = Debug|Any CPU
		{D771E2F9-5FF4-4A41-B659-B41C5C873859}.Release|Any CPU.ActiveCfg = Release|Any CPU
		{D771E2F9-5FF4-4A41-B659-B41C5C873859}.Release|Any CPU.Build.0 = Release|Any CPU
		{F7A34C44-5D43-430E-AE3A-7D0A18987AD9}.Debug|Any CPU.ActiveCfg = Debug|Any CPU
		{F7A34C44-5D43-430E-AE3A-7D0A18987AD9}.Debug|Any CPU.Build.0 = Debug|Any CPU
		{F7A34C44-5D43-430E-AE3A-7D0A18987AD9}.Release|Any CPU.ActiveCfg = Release|Any CPU
		{F7A34C44-5D43-430E-AE3A-7D0A18987AD9}.Release|Any CPU.Build.0 = Release|Any CPU
		{55FA5072-D5CE-400A-906D-245AA4BD5C21}.Debug|Any CPU.ActiveCfg = Debug|Any CPU
		{55FA5072-D5CE-400A-906D-245AA4BD5C21}.Debug|Any CPU.Build.0 = Debug|Any CPU
		{55FA5072-D5CE-400A-906D-245AA4BD5C21}.Release|Any CPU.ActiveCfg = Release|Any CPU
		{55FA5072-D5CE-400A-906D-245AA4BD5C21}.Release|Any CPU.Build.0 = Release|Any CPU
		{A2F834F8-D20B-4285-9C12-47C6CA2067FB}.Debug|Any CPU.ActiveCfg = Debug|Any CPU
		{A2F834F8-D20B-4285-9C12-47C6CA2067FB}.Debug|Any CPU.Build.0 = Debug|Any CPU
		{A2F834F8-D20B-4285-9C12-47C6CA2067FB}.Release|Any CPU.ActiveCfg = Release|Any CPU
		{A2F834F8-D20B-4285-9C12-47C6CA2067FB}.Release|Any CPU.Build.0 = Release|Any CPU
	EndGlobalSection
	GlobalSection(SolutionProperties) = preSolution
		HideSolutionNode = FALSE
	EndGlobalSection
	GlobalSection(ExtensibilityGlobals) = postSolution
		SolutionGuid = {EC3F28A0-C2DF-4EE1-A461-AA2A8B2F5C5C}
	EndGlobalSection
EndGlobal
